
Microsoft Visual Studio Solution File, Format Version 12.00
# Visual Studio Version 17
VisualStudioVersion = 17.4.33122.133
MinimumVisualStudioVersion = 10.0.40219.1
Project("{FAE04EC0-301F-11D3-BF4B-00C04F79EFBC}") = "SistemasdeTarefas", "SistemasdeTarefas.csproj", "{F79886E4-9687-43AD-9431-3476428A7CCC}"
EndProject
Global
	GlobalSection(SolutionConfigurationPlatforms) = preSolution
		Debug|Any CPU = Debug|Any CPU
		Release|Any CPU = Release|Any CPU
	EndGlobalSection
	GlobalSection(ProjectConfigurationPlatforms) = postSolution
		{F79886E4-9687-43AD-9431-3476428A7CCC}.Debug|Any CPU.ActiveCfg = Debug|Any CPU
		{F79886E4-9687-43AD-9431-3476428A7CCC}.Debug|Any CPU.Build.0 = Debug|Any CPU
		{F79886E4-9687-43AD-9431-3476428A7CCC}.Release|Any CPU.ActiveCfg = Release|Any CPU
		{F79886E4-9687-43AD-9431-3476428A7CCC}.Release|Any CPU.Build.0 = Release|Any CPU
	EndGlobalSection
	GlobalSection(SolutionProperties) = preSolution
		HideSolutionNode = FALSE
	EndGlobalSection
	GlobalSection(ExtensibilityGlobals) = postSolution
		SolutionGuid = {60D20F1B-5845-45AA-8BF1-FF1E7DB9A4B2}
	EndGlobalSection
EndGlobal
